# THIS IS AN AUTOGENERATED FILE. DO NOT EDIT THIS FILE DIRECTLY.
# yarn lockfile v1


commander@^2.14.1:
  version "2.14.1"
  resolved "https://registry.yarnpkg.com/commander/-/commander-2.14.1.tgz#2235123e37af8ca3c65df45b026dbd357b01b9aa"

inherits@^2.0.3:
  version "2.0.3"
  resolved "https://registry.yarnpkg.com/inherits/-/inherits-2.0.3.tgz#633c2c83e3da42a502f52466022480f4208261de"

passthrough-encoding@^1.2.0:
  version "1.2.0"
  resolved "https://registry.yarnpkg.com/passthrough-encoding/-/passthrough-encoding-1.2.0.tgz#e2fe08b51c6c1c6038bda5a47332d8dd106b5c82"

udp-request@^1.5.0:
  version "1.5.0"
  resolved "https://registry.yarnpkg.com/udp-request/-/udp-request-1.5.0.tgz#98f6c22d1f445ce7e4b64c7619f16bc23705a0c2"
  dependencies:
    inherits "^2.0.3"
    passthrough-encoding "^1.2.0"
